// !$*UTF8*$!
{
	archiveVersion = 1;
	classes = {
	};
	objectVersion = 46;
	objects = {

/* Begin PBXBuildFile section */
		9BA981D01D9EE5D6006A9E0F /* main.m in Sources */ = {isa = PBXBuildFile; fileRef = 9BA981CF1D9EE5D6006A9E0F /* main.m */; };
		9BA981D31D9EE5D6006A9E0F /* AppDelegate.m in Sources */ = {isa = PBXBuildFile; fileRef = 9BA981D21D9EE5D6006A9E0F /* AppDelegate.m */; };
		9BA981D61D9EE5D6006A9E0F /* ViewController.m in Sources */ = {isa = PBXBuildFile; fileRef = 9BA981D51D9EE5D6006A9E0F /* ViewController.m */; };
		9BA981D91D9EE5D6006A9E0F /* Main.storyboard in Resources */ = {isa = PBXBuildFile; fileRef = 9BA981D71D9EE5D6006A9E0F /* Main.storyboard */; };
		9BA981DC1D9EE5D6006A9E0F /* bliss_recruit.xcdatamodeld in Sources */ = {isa = PBXBuildFile; fileRef = 9BA981DA1D9EE5D6006A9E0F /* bliss_recruit.xcdatamodeld */; };
		9BA981DE1D9EE5D6006A9E0F /* Assets.xcassets in Resources */ = {isa = PBXBuildFile; fileRef = 9BA981DD1D9EE5D6006A9E0F /* Assets.xcassets */; };
		9BA981E11D9EE5D6006A9E0F /* LaunchScreen.storyboard in Resources */ = {isa = PBXBuildFile; fileRef = 9BA981DF1D9EE5D6006A9E0F /* LaunchScreen.storyboard */; };
/* End PBXBuildFile section */

/* Begin PBXFileReference section */
		9BA981CB1D9EE5D6006A9E0F /* bliss-recruit.app */ = {isa = PBXFileReference; explicitFileType = wrapper.application; includeInIndex = 0; path = "bliss-recruit.app"; sourceTree = BUILT_PRODUCTS_DIR; };
		9BA981CF1D9EE5D6006A9E0F /* main.m */ = {isa = PBXFileReference; lastKnownFileType = sourcecode.c.objc; path = main.m; sourceTree = "<group>"; };
		9BA981D11D9EE5D6006A9E0F /* AppDelegate.h */ = {isa = PBXFileReference; lastKnownFileType = sourcecode.c.h; path = AppDelegate.h; sourceTree = "<group>"; };
		9BA981D21D9EE5D6006A9E0F /* AppDelegate.m */ = {isa = PBXFileReference; lastKnownFileType = sourcecode.c.objc; path = AppDelegate.m; sourceTree = "<group>"; };
		9BA981D41D9EE5D6006A9E0F /* ViewController.h */ = {isa = PBXFileReference; lastKnownFileType = sourcecode.c.h; path = ViewController.h; sourceTree = "<group>"; };
		9BA981D51D9EE5D6006A9E0F /* ViewController.m */ = {isa = PBXFileReference; lastKnownFileType = sourcecode.c.objc; path = ViewController.m; sourceTree = "<group>"; };
		9BA981D81D9EE5D6006A9E0F /* Base */ = {isa = PBXFileReference; lastKnownFileType = file.storyboard; name = Base; path = Base.lproj/Main.storyboard; sourceTree = "<group>"; };
		9BA981DB1D9EE5D6006A9E0F /* bliss_recruit.xcdatamodel */ = {isa = PBXFileReference; lastKnownFileType = wrapper.xcdatamodel; path = bliss_recruit.xcdatamodel; sourceTree = "<group>"; };
		9BA981DD1D9EE5D6006A9E0F /* Assets.xcassets */ = {isa = PBXFileReference; lastKnownFileType = folder.assetcatalog; path = Assets.xcassets; sourceTree = "<group>"; };
		9BA981E01D9EE5D6006A9E0F /* Base */ = {isa = PBXFileReference; lastKnownFileType = file.storyboard; name = Base; path = Base.lproj/LaunchScreen.storyboard; sourceTree = "<group>"; };
		9BA981E21D9EE5D6006A9E0F /* Info.plist */ = {isa = PBXFileReference; lastKnownFileType = text.plist.xml; path = Info.plist; sourceTree = "<group>"; };
/* End PBXFileReference section */

/* Begin PBXFrameworksBuildPhase section */
		9BA981C81D9EE5D6006A9E0F /* Frameworks */ = {
			isa = PBXFrameworksBuildPhase;
			buildActionMask = 2147483647;
			files = (
			);
			runOnlyForDeploymentPostprocessing = 0;
		};
/* End PBXFrameworksBuildPhase section */

/* Begin PBXGroup section */
		9BA981C21D9EE5D6006A9E0F = {
			isa = PBXGroup;
			children = (
				9BA981CD1D9EE5D6006A9E0F /* bliss-recruit */,
				9BA981CC1D9EE5D6006A9E0F /* Products */,
			);
			sourceTree = "<group>";
		};
		9BA981CC1D9EE5D6006A9E0F /* Products */ = {
			isa = PBXGroup;
			children = (
				9BA981CB1D9EE5D6006A9E0F /* bliss-recruit.app */,
			);
			name = Products;
			sourceTree = "<group>";
		};
		9BA981CD1D9EE5D6006A9E0F /* bliss-recruit */ = {
			isa = PBXGroup;
			children = (
				9BA981D11D9EE5D6006A9E0F /* AppDelegate.h */,
				9BA981D21D9EE5D6006A9E0F /* AppDelegate.m */,
				9BA981D41D9EE5D6006A9E0F /* ViewController.h */,
				9BA981D51D9EE5D6006A9E0F /* ViewController.m */,
				9BA981D71D9EE5D6006A9E0F /* Main.storyboard */,
				9BA981DD1D9EE5D6006A9E0F /* Assets.xcassets */,
				9BA981DF1D9EE5D6006A9E0F /* LaunchScreen.storyboard */,
				9BA981E21D9EE5D6006A9E0F /* Info.plist */,
				9BA981DA1D9EE5D6006A9E0F /* bliss_recruit.xcdatamodeld */,
				9BA981CE1D9EE5D6006A9E0F /* Supporting Files */,
			);
			path = "bliss-recruit";
			sourceTree = "<group>";
		};
		9BA981CE1D9EE5D6006A9E0F /* Supporting Files */ = {
			isa = PBXGroup;
			children = (
				9BA981CF1D9EE5D6006A9E0F /* main.m */,
			);
			name = "Supporting Files";
			sourceTree = "<group>";
		};
/* End PBXGroup section */

/* Begin PBXNativeTarget section */
		9BA981CA1D9EE5D6006A9E0F /* bliss-recruit */ = {
			isa = PBXNativeTarget;
			buildConfigurationList = 9BA981E51D9EE5D6006A9E0F /* Build configuration list for PBXNativeTarget "bliss-recruit" */;
			buildPhases = (
				9BA981C71D9EE5D6006A9E0F /* Sources */,
				9BA981C81D9EE5D6006A9E0F /* Frameworks */,
				9BA981C91D9EE5D6006A9E0F /* Resources */,
			);
			buildRules = (
			);
			dependencies = (
			);
			name = "bliss-recruit";
			productName = "bliss-recruit";
			productReference = 9BA981CB1D9EE5D6006A9E0F /* bliss-recruit.app */;
			productType = "com.apple.product-type.application";
		};
/* End PBXNativeTarget section */

/* Begin PBXProject section */
		9BA981C31D9EE5D6006A9E0F /* Project object */ = {
			isa = PBXProject;
			attributes = {
				LastUpgradeCheck = 0800;
				ORGANIZATIONNAME = Wilson;
				TargetAttributes = {
					9BA981CA1D9EE5D6006A9E0F = {
						CreatedOnToolsVersion = 8.0;
						DevelopmentTeam = DENHGWUZY3;
						ProvisioningStyle = Automatic;
					};
				};
			};
			buildConfigurationList = 9BA981C61D9EE5D6006A9E0F /* Build configuration list for PBXProject "bliss-recruit" */;
			compatibilityVersion = "Xcode 3.2";
			developmentRegion = English;
			hasScannedForEncodings = 0;
			knownRegions = (
				en,
				Base,
			);
			mainGroup = 9BA981C21D9EE5D6006A9E0F;
			productRefGroup = 9BA981CC1D9EE5D6006A9E0F /* Products */;
			projectDirPath = "";
			projectRoot = "";
			targets = (
				9BA981CA1D9EE5D6006A9E0F /* bliss-recruit */,
			);
		};
/* End PBXProject section */

/* Begin PBXResourcesBuildPhase section */
		9BA981C91D9EE5D6006A9E0F /* Resources */ = {
			isa = PBXResourcesBuildPhase;
			buildActionMask = 2147483647;
			files = (
				9BA981E11D9EE5D6006A9E0F /* LaunchScreen.storyboard in Resources */,
				9BA981DE1D9EE5D6006A9E0F /* Assets.xcassets in Resources */,
				9BA981D91D9EE5D6006A9E0F /* Main.storyboard in Resources */,
			);
			runOnlyForDeploymentPostprocessing = 0;
		};
/* End PBXResourcesBuildPhase section */

/* Begin PBXSourcesBuildPhase section */
		9BA981C71D9EE5D6006A9E0F /* Sources */ = {
			isa = PBXSourcesBuildPhase;
			buildActionMask = 2147483647;
			files = (
				9BA981DC1D9EE5D6006A9E0F /* bliss_recruit.xcdatamodeld in Sources */,
				9BA981D61D9EE5D6006A9E0F /* ViewController.m in Sources */,
				9BA981D31D9EE5D6006A9E0F /* AppDelegate.m in Sources */,
				9BA981D01D9EE5D6006A9E0F /* main.m in Sources */,
			);
			runOnlyForDeploymentPostprocessing = 0;
		};
/* End PBXSourcesBuildPhase section */

/* Begin PBXVariantGroup section */
		9BA981D71D9EE5D6006A9E0F /* Main.storyboard */ = {
			isa = PBXVariantGroup;
			children = (
				9BA981D81D9EE5D6006A9E0F /* Base */,
			);
			name = Main.storyboard;
			sourceTree = "<group>";
		};
		9BA981DF1D9EE5D6006A9E0F /* LaunchScreen.storyboard */ = {
			isa = PBXVariantGroup;
			children = (
				9BA981E01D9EE5D6006A9E0F /* Base */,
			);
			name = LaunchScreen.storyboard;
			sourceTree = "<group>";
		};
/* End PBXVariantGroup section */

/* Begin XCBuildConfiguration section */
		9BA981E31D9EE5D6006A9E0F /* Debug */ = {
			isa = XCBuildConfiguration;
			buildSettings = {
				ALWAYS_SEARCH_USER_PATHS = NO;
				CLANG_ANALYZER_NONNULL = YES;
				CLANG_CXX_LANGUAGE_STANDARD = "gnu++0x";
				CLANG_CXX_LIBRARY = "libc++";
				CLANG_ENABLE_MODULES = YES;
				CLANG_ENABLE_OBJC_ARC = YES;
				CLANG_WARN_BOOL_CONVERSION = YES;
				CLANG_WARN_CONSTANT_CONVERSION = YES;
				CLANG_WARN_DIRECT_OBJC_ISA_USAGE = YES_ERROR;
				CLANG_WARN_DOCUMENTATION_COMMENTS = YES;
				CLANG_WARN_EMPTY_BODY = YES;
				CLANG_WARN_ENUM_CONVERSION = YES;
				CLANG_WARN_INFINITE_RECURSION = YES;
				CLANG_WARN_INT_CONVERSION = YES;
				CLANG_WARN_OBJC_ROOT_CLASS = YES_ERROR;
				CLANG_WARN_SUSPICIOUS_MOVES = YES;
				CLANG_WARN_UNREACHABLE_CODE = YES;
				CLANG_WARN__DUPLICATE_METHOD_MATCH = YES;
				"CODE_SIGN_IDENTITY[sdk=iphoneos*]" = "iPhone Developer";
				COPY_PHASE_STRIP = NO;
				DEBUG_INFORMATION_FORMAT = dwarf;
				ENABLE_STRICT_OBJC_MSGSEND = YES;
				ENABLE_TESTABILITY = YES;
				GCC_C_LANGUAGE_STANDARD = gnu99;
				GCC_DYNAMIC_NO_PIC = NO;
				GCC_NO_COMMON_BLOCKS = YES;
				GCC_OPTIMIZATION_LEVEL = 0;
				GCC_PREPROCESSOR_DEFINITIONS = (
					"DEBUG=1",
					"$(inherited)",
				);
				GCC_WARN_64_TO_32_BIT_CONVERSION = YES;
				GCC_WARN_ABOUT_RETURN_TYPE = YES_ERROR;
				GCC_WARN_UNDECLARED_SELECTOR = YES;
				GCC_WARN_UNINITIALIZED_AUTOS = YES_AGGRESSIVE;
				GCC_WARN_UNUSED_FUNCTION = YES;
				GCC_WARN_UNUSED_VARIABLE = YES;
				IPHONEOS_DEPLOYMENT_TARGET = 10.0;
				MTL_ENABLE_DEBUG_INFO = YES;
				ONLY_ACTIVE_ARCH = YES;
				SDKROOT = iphoneos;
				TARGETED_DEVICE_FAMILY = "1,2";
			};
			name = Debug;
		};
		9BA981E41D9EE5D6006A9E0F /* Release */ = {
			isa = XCBuildConfiguration;
			buildSettings = {
				ALWAYS_SEARCH_USER_PATHS = NO;
				CLANG_ANALYZER_NONNULL = YES;
				CLANG_CXX_LANGUAGE_STANDARD = "gnu++0x";
				CLANG_CXX_LIBRARY = "libc++";
				CLANG_ENABLE_MODULES = YES;
				CLANG_ENABLE_OBJC_ARC = YES;
				CLANG_WARN_BOOL_CONVERSION = YES;
				CLANG_WARN_CONSTANT_CONVERSION = YES;
				CLANG_WARN_DIRECT_OBJC_ISA_USAGE = YES_ERROR;
				CLANG_WARN_DOCUMENTATION_COMMENTS = YES;
				CLANG_WARN_EMPTY_BODY = YES;
				CLANG_WARN_ENUM_CONVERSION = YES;
				CLANG_WARN_INFINITE_RECURSION = YES;
				CLANG_WARN_INT_CONVERSION = YES;
				CLANG_WARN_OBJC_ROOT_CLASS = YES_ERROR;
				CLANG_WARN_SUSPICIOUS_MOVES = YES;
				CLANG_WARN_UNREACHABLE_CODE = YES;
				CLANG_WARN__DUPLICATE_METHOD_MATCH = YES;
				"CODE_SIGN_IDENTITY[sdk=iphoneos*]" = "iPhone Developer";
				COPY_PHASE_STRIP = NO;
				DEBUG_INFORMATION_FORMAT = "dwarf-with-dsym";
				ENABLE_NS_ASSERTIONS = NO;
				ENABLE_STRICT_OBJC_MSGSEND = YES;
				GCC_C_LANGUAGE_STANDARD = gnu99;
				GCC_NO_COMMON_BLOCKS = YES;
				GCC_WARN_64_TO_32_BIT_CONVERSION = YES;
				GCC_WARN_ABOUT_RETURN_TYPE = YES_ERROR;
				GCC_WARN_UNDECLARED_SELECTOR = YES;
				GCC_WARN_UNINITIALIZED_AUTOS = YES_AGGRESSIVE;
				GCC_WARN_UNUSED_FUNCTION = YES;
				GCC_WARN_UNUSED_VARIABLE = YES;
				IPHONEOS_DEPLOYMENT_TARGET = 10.0;
				MTL_ENABLE_DEBUG_INFO = NO;
				SDKROOT = iphoneos;
				TARGETED_DEVICE_FAMILY = "1,2";
				VALIDATE_PRODUCT = YES;
			};
			name = Release;
		};
		9BA981E61D9EE5D6006A9E0F /* Debug */ = {
			isa = XCBuildConfiguration;
			buildSettings = {
				ASSETCATALOG_COMPILER_APPICON_NAME = AppIcon;
				DEVELOPMENT_TEAM = DENHGWUZY3;
				INFOPLIST_FILE = "bliss-recruit/Info.plist";
				IPHONEOS_DEPLOYMENT_TARGET = 9.0;
				LD_RUNPATH_SEARCH_PATHS = "$(inherited) @executable_path/Frameworks";
				PRODUCT_BUNDLE_IDENTIFIER = "co.wilson.bliss-recruit";
				PRODUCT_NAME = "$(TARGET_NAME)";
			};
			name = Debug;
		};
		9BA981E71D9EE5D6006A9E0F /* Release */ = {
			isa = XCBuildConfiguration;
			buildSettings = {
				ASSETCATALOG_COMPILER_APPICON_NAME = AppIcon;
				DEVELOPMENT_TEAM = DENHGWUZY3;
				INFOPLIST_FILE = "bliss-recruit/Info.plist";
				IPHONEOS_DEPLOYMENT_TARGET = 9.0;
				LD_RUNPATH_SEARCH_PATHS = "$(inherited) @executable_path/Frameworks";
				PRODUCT_BUNDLE_IDENTIFIER = "co.wilson.bliss-recruit";
				PRODUCT_NAME = "$(TARGET_NAME)";
			};
			name = Release;
		};
/* End XCBuildConfiguration section */

/* Begin XCConfigurationList section */
		9BA981C61D9EE5D6006A9E0F /* Build configuration list for PBXProject "bliss-recruit" */ = {
			isa = XCConfigurationList;
			buildConfigurations = (
				9BA981E31D9EE5D6006A9E0F /* Debug */,
				9BA981E41D9EE5D6006A9E0F /* Release */,
			);
			defaultConfigurationIsVisible = 0;
			defaultConfigurationName = Release;
		};
		9BA981E51D9EE5D6006A9E0F /* Build configuration list for PBXNativeTarget "bliss-recruit" */ = {
			isa = XCConfigurationList;
			buildConfigurations = (
				9BA981E61D9EE5D6006A9E0F /* Debug */,
				9BA981E71D9EE5D6006A9E0F /* Release */,
			);
			defaultConfigurationIsVisible = 0;
		};
/* End XCConfigurationList section */

/* Begin XCVersionGroup section */
		9BA981DA1D9EE5D6006A9E0F /* bliss_recruit.xcdatamodeld */ = {
			isa = XCVersionGroup;
			children = (
				9BA981DB1D9EE5D6006A9E0F /* bliss_recruit.xcdatamodel */,
			);
			currentVersion = 9BA981DB1D9EE5D6006A9E0F /* bliss_recruit.xcdatamodel */;
			path = bliss_recruit.xcdatamodeld;
			sourceTree = "<group>";
			versionGroupType = wrapper.xcdatamodel;
		};
/* End XCVersionGroup section */
	};
	rootObject = 9BA981C31D9EE5D6006A9E0F /* Project object */;
}
